
Microsoft Visual Studio Solution File, Format Version 12.00
# Visual Studio Version 17
VisualStudioVersion = 17.4.33110.190
MinimumVisualStudioVersion = 10.0.40219.1
Project("{FAE04EC0-301F-11D3-BF4B-00C04F79EFBC}") = "BOOKMYSHOW", "BOOKMYSHOW\BOOKMYSHOW.csproj", "{67D142CD-70DA-4495-9921-5F9CCE920A54}"
EndProject
Global
	GlobalSection(SolutionConfigurationPlatforms) = preSolution
		Debug|Any CPU = Debug|Any CPU
		Release|Any CPU = Release|Any CPU
	EndGlobalSection
	GlobalSection(ProjectConfigurationPlatforms) = postSolution
		{67D142CD-70DA-4495-9921-5F9CCE920A54}.Debug|Any CPU.ActiveCfg = Debug|Any CPU
		{67D142CD-70DA-4495-9921-5F9CCE920A54}.Debug|Any CPU.Build.0 = Debug|Any CPU
		{67D142CD-70DA-4495-9921-5F9CCE920A54}.Release|Any CPU.ActiveCfg = Release|Any CPU
		{67D142CD-70DA-4495-9921-5F9CCE920A54}.Release|Any CPU.Build.0 = Release|Any CPU
	EndGlobalSection
	GlobalSection(SolutionProperties) = preSolution
		HideSolutionNode = FALSE
	EndGlobalSection
	GlobalSection(ExtensibilityGlobals) = postSolution
		SolutionGuid = {847D23B2-B506-40C3-9484-5AF8596A26D7}
	EndGlobalSection
EndGlobal
